
Microsoft Visual Studio Solution File, Format Version 12.00
# Visual Studio Version 16
VisualStudioVersion = 16.0.29609.76
MinimumVisualStudioVersion = 10.0.40219.1
Project("{9A19103F-16F7-4668-BE54-9A1E7A4F7556}") = "CommonScheme.NetCore", "CommonScheme.NetCore\CommonScheme.NetCore.csproj", "{0522B262-98A7-4F9D-9709-3800A6845F47}"
EndProject
Project("{9A19103F-16F7-4668-BE54-9A1E7A4F7556}") = "CommonScheme.ConfigCore", "CommonScheme.ConfigCore\CommonScheme.ConfigCore.csproj", "{D9B5BFBB-BD68-4A4F-93CC-5F4F60BE349B}"
EndProject
Project("{FAE04EC0-301F-11D3-BF4B-00C04F79EFBC}") = "CommonScheme.IdentityAPI", "CommonScheme.IdentityAPI\CommonScheme.IdentityAPI.csproj", "{A00C3C55-8BF2-43F2-8315-6333583CAC30}"
EndProject
Project("{FAE04EC0-301F-11D3-BF4B-00C04F79EFBC}") = "CommonScheme.ConfigAPI", "CommonScheme.ConfigAPI\CommonScheme.ConfigAPI.csproj", "{B610C75F-5308-4EBC-A326-24872CC7AB99}"
EndProject
Global
	GlobalSection(SolutionConfigurationPlatforms) = preSolution
		Debug|Any CPU = Debug|Any CPU
		Release|Any CPU = Release|Any CPU
	EndGlobalSection
	GlobalSection(ProjectConfigurationPlatforms) = postSolution
		{0522B262-98A7-4F9D-9709-3800A6845F47}.Debug|Any CPU.ActiveCfg = Debug|Any CPU
		{0522B262-98A7-4F9D-9709-3800A6845F47}.Debug|Any CPU.Build.0 = Debug|Any CPU
		{0522B262-98A7-4F9D-9709-3800A6845F47}.Release|Any CPU.ActiveCfg = Release|Any CPU
		{0522B262-98A7-4F9D-9709-3800A6845F47}.Release|Any CPU.Build.0 = Release|Any CPU
		{D9B5BFBB-BD68-4A4F-93CC-5F4F60BE349B}.Debug|Any CPU.ActiveCfg = Debug|Any CPU
		{D9B5BFBB-BD68-4A4F-93CC-5F4F60BE349B}.Debug|Any CPU.Build.0 = Debug|Any CPU
		{D9B5BFBB-BD68-4A4F-93CC-5F4F60BE349B}.Release|Any CPU.ActiveCfg = Release|Any CPU
		{D9B5BFBB-BD68-4A4F-93CC-5F4F60BE349B}.Release|Any CPU.Build.0 = Release|Any CPU
		{A00C3C55-8BF2-43F2-8315-6333583CAC30}.Debug|Any CPU.ActiveCfg = Debug|Any CPU
		{A00C3C55-8BF2-43F2-8315-6333583CAC30}.Debug|Any CPU.Build.0 = Debug|Any CPU
		{A00C3C55-8BF2-43F2-8315-6333583CAC30}.Release|Any CPU.ActiveCfg = Release|Any CPU
		{A00C3C55-8BF2-43F2-8315-6333583CAC30}.Release|Any CPU.Build.0 = Release|Any CPU
		{B610C75F-5308-4EBC-A326-24872CC7AB99}.Debug|Any CPU.ActiveCfg = Debug|Any CPU
		{B610C75F-5308-4EBC-A326-24872CC7AB99}.Debug|Any CPU.Build.0 = Debug|Any CPU
		{B610C75F-5308-4EBC-A326-24872CC7AB99}.Release|Any CPU.ActiveCfg = Release|Any CPU
		{B610C75F-5308-4EBC-A326-24872CC7AB99}.Release|Any CPU.Build.0 = Release|Any CPU
	EndGlobalSection
	GlobalSection(SolutionProperties) = preSolution
		HideSolutionNode = FALSE
	EndGlobalSection
	GlobalSection(ExtensibilityGlobals) = postSolution
		SolutionGuid = {13209A5E-E389-4D63-905C-E8FC6D90C4B7}
	EndGlobalSection
EndGlobal
